
Microsoft Visual Studio Solution File, Format Version 12.00
# Visual Studio Version 17
VisualStudioVersion = 17.14.36221.1 d17.14
MinimumVisualStudioVersion = 10.0.40219.1
Project("{FAE04EC0-301F-11D3-BF4B-00C04F79EFBC}") = "Assignment 4", "Assignment 4\Assignment 4.csproj", "{682C6597-C1B8-4C88-95CE-27D97C5E250A}"
EndProject
Project("{FAE04EC0-301F-11D3-BF4B-00C04F79EFBC}") = "Demo session 4", "Demo session 4\Demo session 4.csproj", "{C3624F6C-3364-4032-A94F-D5EAF3EB837E}"
EndProject
Project("{FAE04EC0-301F-11D3-BF4B-00C04F79EFBC}") = "Notes", "Notes\Notes.csproj", "{163E9B4D-BBA6-4DC8-962A-7190AC01713F}"
EndProject
Global
	GlobalSection(SolutionConfigurationPlatforms) = preSolution
		Debug|Any CPU = Debug|Any CPU
		Release|Any CPU = Release|Any CPU
	EndGlobalSection
	GlobalSection(ProjectConfigurationPlatforms) = postSolution
		{682C6597-C1B8-4C88-95CE-27D97C5E250A}.Debug|Any CPU.ActiveCfg = Debug|Any CPU
		{682C6597-C1B8-4C88-95CE-27D97C5E250A}.Debug|Any CPU.Build.0 = Debug|Any CPU
		{682C6597-C1B8-4C88-95CE-27D97C5E250A}.Release|Any CPU.ActiveCfg = Release|Any CPU
		{682C6597-C1B8-4C88-95CE-27D97C5E250A}.Release|Any CPU.Build.0 = Release|Any CPU
		{C3624F6C-3364-4032-A94F-D5EAF3EB837E}.Debug|Any CPU.ActiveCfg = Debug|Any CPU
		{C3624F6C-3364-4032-A94F-D5EAF3EB837E}.Debug|Any CPU.Build.0 = Debug|Any CPU
		{C3624F6C-3364-4032-A94F-D5EAF3EB837E}.Release|Any CPU.ActiveCfg = Release|Any CPU
		{C3624F6C-3364-4032-A94F-D5EAF3EB837E}.Release|Any CPU.Build.0 = Release|Any CPU
		{163E9B4D-BBA6-4DC8-962A-7190AC01713F}.Debug|Any CPU.ActiveCfg = Debug|Any CPU
		{163E9B4D-BBA6-4DC8-962A-7190AC01713F}.Debug|Any CPU.Build.0 = Debug|Any CPU
		{163E9B4D-BBA6-4DC8-962A-7190AC01713F}.Release|Any CPU.ActiveCfg = Release|Any CPU
		{163E9B4D-BBA6-4DC8-962A-7190AC01713F}.Release|Any CPU.Build.0 = Release|Any CPU
	EndGlobalSection
	GlobalSection(SolutionProperties) = preSolution
		HideSolutionNode = FALSE
	EndGlobalSection
	GlobalSection(ExtensibilityGlobals) = postSolution
		SolutionGuid = {E515E4F0-92BE-4E01-A5A8-EF1567299AF6}
	EndGlobalSection
EndGlobal
